// !$*UTF8*$!
{
	archiveVersion = 1;
	classes = {
	};
	objectVersion = 50;
	objects = {

/* Begin PBXBuildFile section */
		404D3F3225234EA8003CC696 /* AppDelegate.swift in Sources */ = {isa = PBXBuildFile; fileRef = 404D3F3125234EA8003CC696 /* AppDelegate.swift */; };
		404D3F3425234EA8003CC696 /* SceneDelegate.swift in Sources */ = {isa = PBXBuildFile; fileRef = 404D3F3325234EA8003CC696 /* SceneDelegate.swift */; };
		404D3F3625234EA8003CC696 /* ViewController.swift in Sources */ = {isa = PBXBuildFile; fileRef = 404D3F3525234EA8003CC696 /* ViewController.swift */; };
		404D3F3925234EA8003CC696 /* Main.storyboard in Resources */ = {isa = PBXBuildFile; fileRef = 404D3F3725234EA8003CC696 /* Main.storyboard */; };
		404D3F3B25234EAA003CC696 /* Assets.xcassets in Resources */ = {isa = PBXBuildFile; fileRef = 404D3F3A25234EAA003CC696 /* Assets.xcassets */; };
		404D3F3E25234EAA003CC696 /* LaunchScreen.storyboard in Resources */ = {isa = PBXBuildFile; fileRef = 404D3F3C25234EAA003CC696 /* LaunchScreen.storyboard */; };
		404D3F4A2523F1CC003CC696 /* Concentration.swift in Sources */ = {isa = PBXBuildFile; fileRef = 404D3F492523F1CC003CC696 /* Concentration.swift */; };
		404D3F4D2523F2C9003CC696 /* Card.swift in Sources */ = {isa = PBXBuildFile; fileRef = 404D3F4C2523F2C9003CC696 /* Card.swift */; };
/* End PBXBuildFile section */

/* Begin PBXFileReference section */
		404D3F2E25234EA8003CC696 /* FlipCardGame.app */ = {isa = PBXFileReference; explicitFileType = wrapper.application; includeInIndex = 0; path = FlipCardGame.app; sourceTree = BUILT_PRODUCTS_DIR; };
		404D3F3125234EA8003CC696 /* AppDelegate.swift */ = {isa = PBXFileReference; lastKnownFileType = sourcecode.swift; path = AppDelegate.swift; sourceTree = "<group>"; };
		404D3F3325234EA8003CC696 /* SceneDelegate.swift */ = {isa = PBXFileReference; lastKnownFileType = sourcecode.swift; path = SceneDelegate.swift; sourceTree = "<group>"; };
		404D3F3525234EA8003CC696 /* ViewController.swift */ = {isa = PBXFileReference; lastKnownFileType = sourcecode.swift; path = ViewController.swift; sourceTree = "<group>"; };
		404D3F3825234EA8003CC696 /* Base */ = {isa = PBXFileReference; lastKnownFileType = file.storyboard; name = Base; path = Base.lproj/Main.storyboard; sourceTree = "<group>"; };
		404D3F3A25234EAA003CC696 /* Assets.xcassets */ = {isa = PBXFileReference; lastKnownFileType = folder.assetcatalog; path = Assets.xcassets; sourceTree = "<group>"; };
		404D3F3D25234EAA003CC696 /* Base */ = {isa = PBXFileReference; lastKnownFileType = file.storyboard; name = Base; path = Base.lproj/LaunchScreen.storyboard; sourceTree = "<group>"; };
		404D3F3F25234EAA003CC696 /* Info.plist */ = {isa = PBXFileReference; lastKnownFileType = text.plist.xml; path = Info.plist; sourceTree = "<group>"; };
		404D3F492523F1CC003CC696 /* Concentration.swift */ = {isa = PBXFileReference; lastKnownFileType = sourcecode.swift; path = Concentration.swift; sourceTree = "<group>"; };
		404D3F4C2523F2C9003CC696 /* Card.swift */ = {isa = PBXFileReference; lastKnownFileType = sourcecode.swift; path = Card.swift; sourceTree = "<group>"; };
/* End PBXFileReference section */

/* Begin PBXFrameworksBuildPhase section */
		404D3F2B25234EA8003CC696 /* Frameworks */ = {
			isa = PBXFrameworksBuildPhase;
			buildActionMask = 2147483647;
			files = (
			);
			runOnlyForDeploymentPostprocessing = 0;
		};
/* End PBXFrameworksBuildPhase section */

/* Begin PBXGroup section */
		404D3F2525234EA8003CC696 = {
			isa = PBXGroup;
			children = (
				404D3F3025234EA8003CC696 /* FlipCardGame */,
				404D3F2F25234EA8003CC696 /* Products */,
			);
			sourceTree = "<group>";
		};
		404D3F2F25234EA8003CC696 /* Products */ = {
			isa = PBXGroup;
			children = (
				404D3F2E25234EA8003CC696 /* FlipCardGame.app */,
			);
			name = Products;
			sourceTree = "<group>";
		};
		404D3F3025234EA8003CC696 /* FlipCardGame */ = {
			isa = PBXGroup;
			children = (
				404D3F4625234EE3003CC696 /* Supporting Files */,
				404D3F3525234EA8003CC696 /* ViewController.swift */,
				404D3F3725234EA8003CC696 /* Main.storyboard */,
				404D3F492523F1CC003CC696 /* Concentration.swift */,
				404D3F4C2523F2C9003CC696 /* Card.swift */,
				404D3F3F25234EAA003CC696 /* Info.plist */,
			);
			path = FlipCardGame;
			sourceTree = "<group>";
		};
		404D3F4625234EE3003CC696 /* Supporting Files */ = {
			isa = PBXGroup;
			children = (
				404D3F3125234EA8003CC696 /* AppDelegate.swift */,
				404D3F3325234EA8003CC696 /* SceneDelegate.swift */,
				404D3F3A25234EAA003CC696 /* Assets.xcassets */,
				404D3F3C25234EAA003CC696 /* LaunchScreen.storyboard */,
			);
			path = "Supporting Files";
			sourceTree = "<group>";
		};
/* End PBXGroup section */

/* Begin PBXNativeTarget section */
		404D3F2D25234EA8003CC696 /* FlipCardGame */ = {
			isa = PBXNativeTarget;
			buildConfigurationList = 404D3F4225234EAA003CC696 /* Build configuration list for PBXNativeTarget "FlipCardGame" */;
			buildPhases = (
				404D3F2A25234EA8003CC696 /* Sources */,
				404D3F2B25234EA8003CC696 /* Frameworks */,
				404D3F2C25234EA8003CC696 /* Resources */,
			);
			buildRules = (
			);
			dependencies = (
			);
			name = FlipCardGame;
			productName = FlipCardGame;
			productReference = 404D3F2E25234EA8003CC696 /* FlipCardGame.app */;
			productType = "com.apple.product-type.application";
		};
/* End PBXNativeTarget section */

/* Begin PBXProject section */
		404D3F2625234EA8003CC696 /* Project object */ = {
			isa = PBXProject;
			attributes = {
				LastSwiftUpdateCheck = 1200;
				LastUpgradeCheck = 1200;
				TargetAttributes = {
					404D3F2D25234EA8003CC696 = {
						CreatedOnToolsVersion = 12.0.1;
					};
				};
			};
			buildConfigurationList = 404D3F2925234EA8003CC696 /* Build configuration list for PBXProject "FlipCardGame" */;
			compatibilityVersion = "Xcode 9.3";
			developmentRegion = en;
			hasScannedForEncodings = 0;
			knownRegions = (
				en,
				Base,
			);
			mainGroup = 404D3F2525234EA8003CC696;
			productRefGroup = 404D3F2F25234EA8003CC696 /* Products */;
			projectDirPath = "";
			projectRoot = "";
			targets = (
				404D3F2D25234EA8003CC696 /* FlipCardGame */,
			);
		};
/* End PBXProject section */

/* Begin PBXResourcesBuildPhase section */
		404D3F2C25234EA8003CC696 /* Resources */ = {
			isa = PBXResourcesBuildPhase;
			buildActionMask = 2147483647;
			files = (
				404D3F3E25234EAA003CC696 /* LaunchScreen.storyboard in Resources */,
				404D3F3B25234EAA003CC696 /* Assets.xcassets in Resources */,
				404D3F3925234EA8003CC696 /* Main.storyboard in Resources */,
			);
			runOnlyForDeploymentPostprocessing = 0;
		};
/* End PBXResourcesBuildPhase section */

/* Begin PBXSourcesBuildPhase section */
		404D3F2A25234EA8003CC696 /* Sources */ = {
			isa = PBXSourcesBuildPhase;
			buildActionMask = 2147483647;
			files = (
				404D3F3625234EA8003CC696 /* ViewController.swift in Sources */,
				404D3F4A2523F1CC003CC696 /* Concentration.swift in Sources */,
				404D3F4D2523F2C9003CC696 /* Card.swift in Sources */,
				404D3F3225234EA8003CC696 /* AppDelegate.swift in Sources */,
				404D3F3425234EA8003CC696 /* SceneDelegate.swift in Sources */,
			);
			runOnlyForDeploymentPostprocessing = 0;
		};
/* End PBXSourcesBuildPhase section */

/* Begin PBXVariantGroup section */
		404D3F3725234EA8003CC696 /* Main.storyboard */ = {
			isa = PBXVariantGroup;
			children = (
				404D3F3825234EA8003CC696 /* Base */,
			);
			name = Main.storyboard;
			sourceTree = "<group>";
		};
		404D3F3C25234EAA003CC696 /* LaunchScreen.storyboard */ = {
			isa = PBXVariantGroup;
			children = (
				404D3F3D25234EAA003CC696 /* Base */,
			);
			name = LaunchScreen.storyboard;
			sourceTree = "<group>";
		};
/* End PBXVariantGroup section */

/* Begin XCBuildConfiguration section */
		404D3F4025234EAA003CC696 /* Debug */ = {
			isa = XCBuildConfiguration;
			buildSettings = {
				ALWAYS_SEARCH_USER_PATHS = NO;
				CLANG_ANALYZER_NONNULL = YES;
				CLANG_ANALYZER_NUMBER_OBJECT_CONVERSION = YES_AGGRESSIVE;
				CLANG_CXX_LANGUAGE_STANDARD = "gnu++14";
				CLANG_CXX_LIBRARY = "libc++";
				CLANG_ENABLE_MODULES = YES;
				CLANG_ENABLE_OBJC_ARC = YES;
				CLANG_ENABLE_OBJC_WEAK = YES;
				CLANG_WARN_BLOCK_CAPTURE_AUTORELEASING = YES;
				CLANG_WARN_BOOL_CONVERSION = YES;
				CLANG_WARN_COMMA = YES;
				CLANG_WARN_CONSTANT_CONVERSION = YES;
				CLANG_WARN_DEPRECATED_OBJC_IMPLEMENTATIONS = YES;
				CLANG_WARN_DIRECT_OBJC_ISA_USAGE = YES_ERROR;
				CLANG_WARN_DOCUMENTATION_COMMENTS = YES;
				CLANG_WARN_EMPTY_BODY = YES;
				CLANG_WARN_ENUM_CONVERSION = YES;
				CLANG_WARN_INFINITE_RECURSION = YES;
				CLANG_WARN_INT_CONVERSION = YES;
				CLANG_WARN_NON_LITERAL_NULL_CONVERSION = YES;
				CLANG_WARN_OBJC_IMPLICIT_RETAIN_SELF = YES;
				CLANG_WARN_OBJC_LITERAL_CONVERSION = YES;
				CLANG_WARN_OBJC_ROOT_CLASS = YES_ERROR;
				CLANG_WARN_QUOTED_INCLUDE_IN_FRAMEWORK_HEADER = YES;
				CLANG_WARN_RANGE_LOOP_ANALYSIS = YES;
				CLANG_WARN_STRICT_PROTOTYPES = YES;
				CLANG_WARN_SUSPICIOUS_MOVE = YES;
				CLANG_WARN_UNGUARDED_AVAILABILITY = YES_AGGRESSIVE;
				CLANG_WARN_UNREACHABLE_CODE = YES;
				CLANG_WARN__DUPLICATE_METHOD_MATCH = YES;
				COPY_PHASE_STRIP = NO;
				DEBUG_INFORMATION_FORMAT = dwarf;
				ENABLE_STRICT_OBJC_MSGSEND = YES;
				ENABLE_TESTABILITY = YES;
				GCC_C_LANGUAGE_STANDARD = gnu11;
				GCC_DYNAMIC_NO_PIC = NO;
				GCC_NO_COMMON_BLOCKS = YES;
				GCC_OPTIMIZATION_LEVEL = 0;
				GCC_PREPROCESSOR_DEFINITIONS = (
					"DEBUG=1",
					"$(inherited)",
				);
				GCC_WARN_64_TO_32_BIT_CONVERSION = YES;
				GCC_WARN_ABOUT_RETURN_TYPE = YES_ERROR;
				GCC_WARN_UNDECLARED_SELECTOR = YES;
				GCC_WARN_UNINITIALIZED_AUTOS = YES_AGGRESSIVE;
				GCC_WARN_UNUSED_FUNCTION = YES;
				GCC_WARN_UNUSED_VARIABLE = YES;
				IPHONEOS_DEPLOYMENT_TARGET = 14.0;
				MTL_ENABLE_DEBUG_INFO = INCLUDE_SOURCE;
				MTL_FAST_MATH = YES;
				ONLY_ACTIVE_ARCH = YES;
				SDKROOT = iphoneos;
				SWIFT_ACTIVE_COMPILATION_CONDITIONS = DEBUG;
				SWIFT_OPTIMIZATION_LEVEL = "-Onone";
			};
			name = Debug;
		};
		404D3F4125234EAA003CC696 /* Release */ = {
			isa = XCBuildConfiguration;
			buildSettings = {
				ALWAYS_SEARCH_USER_PATHS = NO;
				CLANG_ANALYZER_NONNULL = YES;
				CLANG_ANALYZER_NUMBER_OBJECT_CONVERSION = YES_AGGRESSIVE;
				CLANG_CXX_LANGUAGE_STANDARD = "gnu++14";
				CLANG_CXX_LIBRARY = "libc++";
				CLANG_ENABLE_MODULES = YES;
				CLANG_ENABLE_OBJC_ARC = YES;
				CLANG_ENABLE_OBJC_WEAK = YES;
				CLANG_WARN_BLOCK_CAPTURE_AUTORELEASING = YES;
				CLANG_WARN_BOOL_CONVERSION = YES;
				CLANG_WARN_COMMA = YES;
				CLANG_WARN_CONSTANT_CONVERSION = YES;
				CLANG_WARN_DEPRECATED_OBJC_IMPLEMENTATIONS = YES;
				CLANG_WARN_DIRECT_OBJC_ISA_USAGE = YES_ERROR;
				CLANG_WARN_DOCUMENTATION_COMMENTS = YES;
				CLANG_WARN_EMPTY_BODY = YES;
				CLANG_WARN_ENUM_CONVERSION = YES;
				CLANG_WARN_INFINITE_RECURSION = YES;
				CLANG_WARN_INT_CONVERSION = YES;
				CLANG_WARN_NON_LITERAL_NULL_CONVERSION = YES;
				CLANG_WARN_OBJC_IMPLICIT_RETAIN_SELF = YES;
				CLANG_WARN_OBJC_LITERAL_CONVERSION = YES;
				CLANG_WARN_OBJC_ROOT_CLASS = YES_ERROR;
				CLANG_WARN_QUOTED_INCLUDE_IN_FRAMEWORK_HEADER = YES;
				CLANG_WARN_RANGE_LOOP_ANALYSIS = YES;
				CLANG_WARN_STRICT_PROTOTYPES = YES;
				CLANG_WARN_SUSPICIOUS_MOVE = YES;
				CLANG_WARN_UNGUARDED_AVAILABILITY = YES_AGGRESSIVE;
				CLANG_WARN_UNREACHABLE_CODE = YES;
				CLANG_WARN__DUPLICATE_METHOD_MATCH = YES;
				COPY_PHASE_STRIP = NO;
				DEBUG_INFORMATION_FORMAT = "dwarf-with-dsym";
				ENABLE_NS_ASSERTIONS = NO;
				ENABLE_STRICT_OBJC_MSGSEND = YES;
				GCC_C_LANGUAGE_STANDARD = gnu11;
				GCC_NO_COMMON_BLOCKS = YES;
				GCC_WARN_64_TO_32_BIT_CONVERSION = YES;
				GCC_WARN_ABOUT_RETURN_TYPE = YES_ERROR;
				GCC_WARN_UNDECLARED_SELECTOR = YES;
				GCC_WARN_UNINITIALIZED_AUTOS = YES_AGGRESSIVE;
				GCC_WARN_UNUSED_FUNCTION = YES;
				GCC_WARN_UNUSED_VARIABLE = YES;
				IPHONEOS_DEPLOYMENT_TARGET = 14.0;
				MTL_ENABLE_DEBUG_INFO = NO;
				MTL_FAST_MATH = YES;
				SDKROOT = iphoneos;
				SWIFT_COMPILATION_MODE = wholemodule;
				SWIFT_OPTIMIZATION_LEVEL = "-O";
				VALIDATE_PRODUCT = YES;
			};
			name = Release;
		};
		404D3F4325234EAA003CC696 /* Debug */ = {
			isa = XCBuildConfiguration;
			buildSettings = {
				ASSETCATALOG_COMPILER_APPICON_NAME = AppIcon;
				ASSETCATALOG_COMPILER_GLOBAL_ACCENT_COLOR_NAME = AccentColor;
				CODE_SIGN_STYLE = Automatic;
				INFOPLIST_FILE = FlipCardGame/Info.plist;
				LD_RUNPATH_SEARCH_PATHS = (
					"$(inherited)",
					"@executable_path/Frameworks",
				);
				PRODUCT_BUNDLE_IDENTIFIER = com.FlipCardGame;
				PRODUCT_NAME = "$(TARGET_NAME)";
				SWIFT_VERSION = 5.0;
				TARGETED_DEVICE_FAMILY = "1,2";
			};
			name = Debug;
		};
		404D3F4425234EAA003CC696 /* Release */ = {
			isa = XCBuildConfiguration;
			buildSettings = {
				ASSETCATALOG_COMPILER_APPICON_NAME = AppIcon;
				ASSETCATALOG_COMPILER_GLOBAL_ACCENT_COLOR_NAME = AccentColor;
				CODE_SIGN_STYLE = Automatic;
				INFOPLIST_FILE = FlipCardGame/Info.plist;
				LD_RUNPATH_SEARCH_PATHS = (
					"$(inherited)",
					"@executable_path/Frameworks",
				);
				PRODUCT_BUNDLE_IDENTIFIER = com.FlipCardGame;
				PRODUCT_NAME = "$(TARGET_NAME)";
				SWIFT_VERSION = 5.0;
				TARGETED_DEVICE_FAMILY = "1,2";
			};
			name = Release;
		};
/* End XCBuildConfiguration section */

/* Begin XCConfigurationList section */
		404D3F2925234EA8003CC696 /* Build configuration list for PBXProject "FlipCardGame" */ = {
			isa = XCConfigurationList;
			buildConfigurations = (
				404D3F4025234EAA003CC696 /* Debug */,
				404D3F4125234EAA003CC696 /* Release */,
			);
			defaultConfigurationIsVisible = 0;
			defaultConfigurationName = Release;
		};
		404D3F4225234EAA003CC696 /* Build configuration list for PBXNativeTarget "FlipCardGame" */ = {
			isa = XCConfigurationList;
			buildConfigurations = (
				404D3F4325234EAA003CC696 /* Debug */,
				404D3F4425234EAA003CC696 /* Release */,
			);
			defaultConfigurationIsVisible = 0;
			defaultConfigurationName = Release;
		};
/* End XCConfigurationList section */
	};
	rootObject = 404D3F2625234EA8003CC696 /* Project object */;
}
